
Microsoft Visual Studio Solution File, Format Version 12.00
# Visual Studio Version 16
VisualStudioVersion = 16.0.31321.278
MinimumVisualStudioVersion = 10.0.40219.1
Project("{FAE04EC0-301F-11D3-BF4B-00C04F79EFBC}") = "StellarFederationApi", "StellarFederationApi\StellarFederationApi.csproj", "{751E8653-7C4A-4A09-AE92-6DF95841094B}"
EndProject
Global
	GlobalSection(SolutionConfigurationPlatforms) = preSolution
		Debug|Any CPU = Debug|Any CPU
		Release|Any CPU = Release|Any CPU
	EndGlobalSection
	GlobalSection(ProjectConfigurationPlatforms) = postSolution
		{751E8653-7C4A-4A09-AE92-6DF95841094B}.Debug|Any CPU.ActiveCfg = Debug|Any CPU
		{751E8653-7C4A-4A09-AE92-6DF95841094B}.Debug|Any CPU.Build.0 = Debug|Any CPU
		{751E8653-7C4A-4A09-AE92-6DF95841094B}.Release|Any CPU.ActiveCfg = Release|Any CPU
		{751E8653-7C4A-4A09-AE92-6DF95841094B}.Release|Any CPU.Build.0 = Release|Any CPU
	EndGlobalSection
	GlobalSection(SolutionProperties) = preSolution
		HideSolutionNode = FALSE
	EndGlobalSection
	GlobalSection(ExtensibilityGlobals) = postSolution
		SolutionGuid = {8B35279E-29FB-45C2-8E8A-028239C8C1CE}
	EndGlobalSection
EndGlobal
